
Microsoft Visual Studio Solution File, Format Version 12.00
# Visual Studio 15
VisualStudioVersion = 15.0.28307.779
MinimumVisualStudioVersion = 10.0.40219.1
Project("{FAE04EC0-301F-11D3-BF4B-00C04F79EFBC}") = "CommonCSharp", "CommonCSharp\CommonCSharp.csproj", "{A189A473-0094-4C8E-8626-873CCB732DA8}"
EndProject
Global
	GlobalSection(SolutionConfigurationPlatforms) = preSolution
		Debug|Any CPU = Debug|Any CPU
		Release|Any CPU = Release|Any CPU
	EndGlobalSection
	GlobalSection(ProjectConfigurationPlatforms) = postSolution
		{A189A473-0094-4C8E-8626-873CCB732DA8}.Debug|Any CPU.ActiveCfg = Debug|Any CPU
		{A189A473-0094-4C8E-8626-873CCB732DA8}.Debug|Any CPU.Build.0 = Debug|Any CPU
		{A189A473-0094-4C8E-8626-873CCB732DA8}.Release|Any CPU.ActiveCfg = Release|Any CPU
		{A189A473-0094-4C8E-8626-873CCB732DA8}.Release|Any CPU.Build.0 = Release|Any CPU
	EndGlobalSection
	GlobalSection(SolutionProperties) = preSolution
		HideSolutionNode = FALSE
	EndGlobalSection
	GlobalSection(ExtensibilityGlobals) = postSolution
		SolutionGuid = {24F7CCDB-36A2-4ECA-AF9F-601B9649A2DB}
	EndGlobalSection
EndGlobal
